<?xml version="1.0" encoding="utf-8"?>
<Project ToolsVersion="4.0" xmlns="http://schemas.microsoft.com/developer/msbuild/2003">
  <ItemGroup>
    <Filter Include="Source Files">
      <UniqueIdentifier>{4FC737F1-C7A5-4376-A066-2A32D752A2FF}</UniqueIdentifier>
      <Extensions>cpp;c;cc;cxx;def;odl;idl;hpj;bat;asm;asmx</Extensions>
    </Filter>
    <Filter Include="Header Files">
      <UniqueIdentifier>{93995380-89BD-4b04-88EB-625FBE52EBFB}</UniqueIdentifier>
      <Extensions>h;hh;hpp;hxx;hm;inl;inc;ipp;xsd</Extensions>
    </Filter>
    <Filter Include="Resource Files">
      <UniqueIdentifier>{67DA6AB6-F800-4c08-8B7A-83BB121AAD01}</UniqueIdentifier>
      <Extensions>rc;ico;cur;bmp;dlg;rc2;rct;bin;rgs;gif;jpg;jpeg;jpe;resx;tiff;tif;png;wav;mfcribbon-ms</Extensions>
    </Filter>
  </ItemGroup>
  <ItemGroup>
    <ClInclude Include="framework.h">
      <Filter>Header Files</Filter>
    </ClInclude>
    <ClInclude Include="sunnyd.h">
      <Filter>Header Files</Filter>
    </ClInclude>
    <ClInclude Include="Forms\baseform.h">
      <Filter>Header Files</Filter>
    </ClInclude>
    <ClInclude Include="Forms\mainform.h">
      <Filter>Header Files</Filter>
    </ClInclude>
    <ClInclude Include="Forms\implist.h">
      <Filter>Header Files</Filter>
    </ClInclude>
    <ClInclude Include="Forms\basecontrol.h">
      <Filter>Header Files</Filter>
    </ClInclude>
    <ClInclude Include="Hooks\Hooks.h">
      <Filter>Header Files</Filter>
    </ClInclude>
    <ClInclude Include="Hooks\APIHook.h">
      <Filter>Header Files</Filter>
    </ClInclude>
    <ClInclude Include="sig.h">
      <Filter>Header Files</Filter>
    </ClInclude>
    <ClInclude Include="Hooks\jumphook.h">
      <Filter>Header Files</Filter>
    </ClInclude>
    <ClInclude Include="Forms\label.h">
      <Filter>Header Files</Filter>
    </ClInclude>
    <ClInclude Include="Forms\zydisview.h">
      <Filter>Header Files</Filter>
    </ClInclude>
    <ClInclude Include="sunnydata.h">
      <Filter>Header Files</Filter>
    </ClInclude>
    <ClInclude Include="Forms\maintabs.h">
      <Filter>Header Files</Filter>
    </ClInclude>
    <ClInclude Include="Forms\dumpform.h">
      <Filter>Header Files</Filter>
    </ClInclude>
    <ClInclude Include="Forms\memlist.h">
      <Filter>Header Files</Filter>
    </ClInclude>
    <ClInclude Include="Forms\baselist.h">
      <Filter>Header Files</Filter>
    </ClInclude>
  </ItemGroup>
  <ItemGroup>
    <ClCompile Include="dllmain.cpp">
      <Filter>Source Files</Filter>
    </ClCompile>
    <ClCompile Include="sunnyd.cpp">
      <Filter>Source Files</Filter>
    </ClCompile>
    <ClCompile Include="Forms\baseform.cpp">
      <Filter>Source Files</Filter>
    </ClCompile>
    <ClCompile Include="Forms\mainform.cpp">
      <Filter>Source Files</Filter>
    </ClCompile>
    <ClCompile Include="Forms\basecontrol.cpp">
      <Filter>Source Files</Filter>
    </ClCompile>
    <ClCompile Include="Forms\implist.cpp">
      <Filter>Source Files</Filter>
    </ClCompile>
    <ClCompile Include="Hooks\Hooks.cpp">
      <Filter>Source Files</Filter>
    </ClCompile>
    <ClCompile Include="sig.cpp">
      <Filter>Source Files</Filter>
    </ClCompile>
    <ClCompile Include="framework.cpp">
      <Filter>Source Files</Filter>
    </ClCompile>
    <ClCompile Include="Forms\label.cpp">
      <Filter>Source Files</Filter>
    </ClCompile>
    <ClCompile Include="Forms\zydisview.cpp">
      <Filter>Source Files</Filter>
    </ClCompile>
    <ClCompile Include="Forms\maintabs.cpp">
      <Filter>Source Files</Filter>
    </ClCompile>
    <ClCompile Include="Forms\dumpform.cpp">
      <Filter>Source Files</Filter>
    </ClCompile>
    <ClCompile Include="Forms\memlist.cpp">
      <Filter>Source Files</Filter>
    </ClCompile>
    <ClCompile Include="Forms\baselist.cpp">
      <Filter>Source Files</Filter>
    </ClCompile>
  </ItemGroup>
</Project>